
Microsoft Visual Studio Solution File, Format Version 12.00
# Visual Studio Version 16
VisualStudioVersion = 16.0.30717.126
MinimumVisualStudioVersion = 10.0.40219.1
Project("{FAE04EC0-301F-11D3-BF4B-00C04F79EFBC}") = "SyntaxAnalyzer", "SyntaxAnalyzer\SyntaxAnalyzer.csproj", "{6A1740BA-BEF5-4D0C-91E7-7BE19C2EEC5D}"
EndProject
Global
	GlobalSection(SolutionConfigurationPlatforms) = preSolution
		Debug|Any CPU = Debug|Any CPU
		Release|Any CPU = Release|Any CPU
	EndGlobalSection
	GlobalSection(ProjectConfigurationPlatforms) = postSolution
		{6A1740BA-BEF5-4D0C-91E7-7BE19C2EEC5D}.Debug|Any CPU.ActiveCfg = Debug|Any CPU
		{6A1740BA-BEF5-4D0C-91E7-7BE19C2EEC5D}.Debug|Any CPU.Build.0 = Debug|Any CPU
		{6A1740BA-BEF5-4D0C-91E7-7BE19C2EEC5D}.Release|Any CPU.ActiveCfg = Release|Any CPU
		{6A1740BA-BEF5-4D0C-91E7-7BE19C2EEC5D}.Release|Any CPU.Build.0 = Release|Any CPU
	EndGlobalSection
	GlobalSection(SolutionProperties) = preSolution
		HideSolutionNode = FALSE
	EndGlobalSection
	GlobalSection(ExtensibilityGlobals) = postSolution
		SolutionGuid = {4489F665-E33C-4AD8-B637-0FF44C5F416E}
	EndGlobalSection
EndGlobal
